// !$*UTF8*$!
{
	archiveVersion = 1;
	classes = {
	};
	objectVersion = 50;
	objects = {

/* Begin PBXBuildFile section */
		55EEE0C4217AE4F800083B29 /* AppDelegate.swift in Sources */ = {isa = PBXBuildFile; fileRef = 55EEE0C3217AE4F800083B29 /* AppDelegate.swift */; };
		55EEE0C9217AE4F800083B29 /* Main.storyboard in Resources */ = {isa = PBXBuildFile; fileRef = 55EEE0C7217AE4F800083B29 /* Main.storyboard */; };
		55EEE0CB217AE4FB00083B29 /* Assets.xcassets in Resources */ = {isa = PBXBuildFile; fileRef = 55EEE0CA217AE4FB00083B29 /* Assets.xcassets */; };
		55EEE0CE217AE4FB00083B29 /* LaunchScreen.storyboard in Resources */ = {isa = PBXBuildFile; fileRef = 55EEE0CC217AE4FB00083B29 /* LaunchScreen.storyboard */; };
		55EEE0DB217AEF2400083B29 /* Changeset.framework in Frameworks */ = {isa = PBXBuildFile; fileRef = 55EEE0D6217AEF2400083B29 /* Changeset.framework */; };
		55EEE0DC217AEF2400083B29 /* ReactiveCocoa.framework in Frameworks */ = {isa = PBXBuildFile; fileRef = 55EEE0D7217AEF2400083B29 /* ReactiveCocoa.framework */; };
		55EEE0DD217AEF2400083B29 /* ReactiveMapKit.framework in Frameworks */ = {isa = PBXBuildFile; fileRef = 55EEE0D8217AEF2400083B29 /* ReactiveMapKit.framework */; };
		55EEE0DE217AEF2400083B29 /* ReactiveSwift.framework in Frameworks */ = {isa = PBXBuildFile; fileRef = 55EEE0D9217AEF2400083B29 /* ReactiveSwift.framework */; };
		55EEE0DF217AEF2400083B29 /* Result.framework in Frameworks */ = {isa = PBXBuildFile; fileRef = 55EEE0DA217AEF2400083B29 /* Result.framework */; };
		55EEE0EC217B36A300083B29 /* HomeViewController.swift in Sources */ = {isa = PBXBuildFile; fileRef = 55EEE0EB217B36A200083B29 /* HomeViewController.swift */; };
/* End PBXBuildFile section */

/* Begin PBXFileReference section */
		55EEE0C0217AE4F800083B29 /* ReactieOnlineSearching-Sampler.app */ = {isa = PBXFileReference; explicitFileType = wrapper.application; includeInIndex = 0; path = "ReactieOnlineSearching-Sampler.app"; sourceTree = BUILT_PRODUCTS_DIR; };
		55EEE0C3217AE4F800083B29 /* AppDelegate.swift */ = {isa = PBXFileReference; lastKnownFileType = sourcecode.swift; path = AppDelegate.swift; sourceTree = "<group>"; };
		55EEE0C8217AE4F800083B29 /* Base */ = {isa = PBXFileReference; lastKnownFileType = file.storyboard; name = Base; path = Base.lproj/Main.storyboard; sourceTree = "<group>"; };
		55EEE0CA217AE4FB00083B29 /* Assets.xcassets */ = {isa = PBXFileReference; lastKnownFileType = folder.assetcatalog; path = Assets.xcassets; sourceTree = "<group>"; };
		55EEE0CD217AE4FB00083B29 /* Base */ = {isa = PBXFileReference; lastKnownFileType = file.storyboard; name = Base; path = Base.lproj/LaunchScreen.storyboard; sourceTree = "<group>"; };
		55EEE0CF217AE4FB00083B29 /* Info.plist */ = {isa = PBXFileReference; lastKnownFileType = text.plist.xml; path = Info.plist; sourceTree = "<group>"; };
		55EEE0D6217AEF2400083B29 /* Changeset.framework */ = {isa = PBXFileReference; lastKnownFileType = wrapper.framework; name = Changeset.framework; path = Carthage/Build/iOS/Changeset.framework; sourceTree = "<group>"; };
		55EEE0D7217AEF2400083B29 /* ReactiveCocoa.framework */ = {isa = PBXFileReference; lastKnownFileType = wrapper.framework; name = ReactiveCocoa.framework; path = Carthage/Build/iOS/ReactiveCocoa.framework; sourceTree = "<group>"; };
		55EEE0D8217AEF2400083B29 /* ReactiveMapKit.framework */ = {isa = PBXFileReference; lastKnownFileType = wrapper.framework; name = ReactiveMapKit.framework; path = Carthage/Build/iOS/ReactiveMapKit.framework; sourceTree = "<group>"; };
		55EEE0D9217AEF2400083B29 /* ReactiveSwift.framework */ = {isa = PBXFileReference; lastKnownFileType = wrapper.framework; name = ReactiveSwift.framework; path = Carthage/Build/iOS/ReactiveSwift.framework; sourceTree = "<group>"; };
		55EEE0DA217AEF2400083B29 /* Result.framework */ = {isa = PBXFileReference; lastKnownFileType = wrapper.framework; name = Result.framework; path = Carthage/Build/iOS/Result.framework; sourceTree = "<group>"; };
		55EEE0EB217B36A200083B29 /* HomeViewController.swift */ = {isa = PBXFileReference; fileEncoding = 4; lastKnownFileType = sourcecode.swift; path = HomeViewController.swift; sourceTree = "<group>"; };
/* End PBXFileReference section */

/* Begin PBXFrameworksBuildPhase section */
		55EEE0BD217AE4F800083B29 /* Frameworks */ = {
			isa = PBXFrameworksBuildPhase;
			buildActionMask = 2147483647;
			files = (
				55EEE0DB217AEF2400083B29 /* Changeset.framework in Frameworks */,
				55EEE0DC217AEF2400083B29 /* ReactiveCocoa.framework in Frameworks */,
				55EEE0DD217AEF2400083B29 /* ReactiveMapKit.framework in Frameworks */,
				55EEE0DE217AEF2400083B29 /* ReactiveSwift.framework in Frameworks */,
				55EEE0DF217AEF2400083B29 /* Result.framework in Frameworks */,
			);
			runOnlyForDeploymentPostprocessing = 0;
		};
/* End PBXFrameworksBuildPhase section */

/* Begin PBXGroup section */
		55EEE0B7217AE4F800083B29 = {
			isa = PBXGroup;
			children = (
				55EEE0C2217AE4F800083B29 /* ReactieOnlineSearching-Sampler */,
				55EEE0C1217AE4F800083B29 /* Products */,
				55EEE0D5217AEF2300083B29 /* Frameworks */,
			);
			sourceTree = "<group>";
		};
		55EEE0C1217AE4F800083B29 /* Products */ = {
			isa = PBXGroup;
			children = (
				55EEE0C0217AE4F800083B29 /* ReactieOnlineSearching-Sampler.app */,
			);
			name = Products;
			sourceTree = "<group>";
		};
		55EEE0C2217AE4F800083B29 /* ReactieOnlineSearching-Sampler */ = {
			isa = PBXGroup;
			children = (
				55EEE0EB217B36A200083B29 /* HomeViewController.swift */,
				55EEE0C3217AE4F800083B29 /* AppDelegate.swift */,
				55EEE0C7217AE4F800083B29 /* Main.storyboard */,
				55EEE0CA217AE4FB00083B29 /* Assets.xcassets */,
				55EEE0CC217AE4FB00083B29 /* LaunchScreen.storyboard */,
				55EEE0CF217AE4FB00083B29 /* Info.plist */,
			);
			path = "ReactieOnlineSearching-Sampler";
			sourceTree = "<group>";
		};
		55EEE0D5217AEF2300083B29 /* Frameworks */ = {
			isa = PBXGroup;
			children = (
				55EEE0D6217AEF2400083B29 /* Changeset.framework */,
				55EEE0D7217AEF2400083B29 /* ReactiveCocoa.framework */,
				55EEE0D8217AEF2400083B29 /* ReactiveMapKit.framework */,
				55EEE0D9217AEF2400083B29 /* ReactiveSwift.framework */,
				55EEE0DA217AEF2400083B29 /* Result.framework */,
			);
			name = Frameworks;
			sourceTree = "<group>";
		};
/* End PBXGroup section */

/* Begin PBXNativeTarget section */
		55EEE0BF217AE4F800083B29 /* ReactieOnlineSearching-Sampler */ = {
			isa = PBXNativeTarget;
			buildConfigurationList = 55EEE0D2217AE4FB00083B29 /* Build configuration list for PBXNativeTarget "ReactieOnlineSearching-Sampler" */;
			buildPhases = (
				55EEE0BC217AE4F800083B29 /* Sources */,
				55EEE0BD217AE4F800083B29 /* Frameworks */,
				55EEE0BE217AE4F800083B29 /* Resources */,
				55EEE0E0217AEF3600083B29 /* ShellScript */,
			);
			buildRules = (
			);
			dependencies = (
			);
			name = "ReactieOnlineSearching-Sampler";
			productName = "ReactieOnlineSearching-Sampler";
			productReference = 55EEE0C0217AE4F800083B29 /* ReactieOnlineSearching-Sampler.app */;
			productType = "com.apple.product-type.application";
		};
/* End PBXNativeTarget section */

/* Begin PBXProject section */
		55EEE0B8217AE4F800083B29 /* Project object */ = {
			isa = PBXProject;
			attributes = {
				LastSwiftUpdateCheck = 1000;
				LastUpgradeCheck = 1000;
				ORGANIZATIONNAME = "Kohei Arai";
				TargetAttributes = {
					55EEE0BF217AE4F800083B29 = {
						CreatedOnToolsVersion = 10.0;
					};
				};
			};
			buildConfigurationList = 55EEE0BB217AE4F800083B29 /* Build configuration list for PBXProject "ReactieOnlineSearching-Sampler" */;
			compatibilityVersion = "Xcode 9.3";
			developmentRegion = en;
			hasScannedForEncodings = 0;
			knownRegions = (
				en,
				Base,
			);
			mainGroup = 55EEE0B7217AE4F800083B29;
			productRefGroup = 55EEE0C1217AE4F800083B29 /* Products */;
			projectDirPath = "";
			projectRoot = "";
			targets = (
				55EEE0BF217AE4F800083B29 /* ReactieOnlineSearching-Sampler */,
			);
		};
/* End PBXProject section */

/* Begin PBXResourcesBuildPhase section */
		55EEE0BE217AE4F800083B29 /* Resources */ = {
			isa = PBXResourcesBuildPhase;
			buildActionMask = 2147483647;
			files = (
				55EEE0CE217AE4FB00083B29 /* LaunchScreen.storyboard in Resources */,
				55EEE0CB217AE4FB00083B29 /* Assets.xcassets in Resources */,
				55EEE0C9217AE4F800083B29 /* Main.storyboard in Resources */,
			);
			runOnlyForDeploymentPostprocessing = 0;
		};
/* End PBXResourcesBuildPhase section */

/* Begin PBXShellScriptBuildPhase section */
		55EEE0E0217AEF3600083B29 /* ShellScript */ = {
			isa = PBXShellScriptBuildPhase;
			buildActionMask = 2147483647;
			files = (
			);
			inputFileListPaths = (
			);
			inputPaths = (
				"$(SRCROOT)/Carthage/Build/iOS/Changeset.framework",
				"$(SRCROOT)/Carthage/Build/iOS/ReactiveCocoa.framework",
				"$(SRCROOT)/Carthage/Build/iOS/ReactiveSwift.framework",
				"$(SRCROOT)/Carthage/Build/iOS/ReactiveMapKit.framework",
				"$(SRCROOT)/Carthage/Build/iOS/Result.framework",
			);
			outputFileListPaths = (
			);
			outputPaths = (
			);
			runOnlyForDeploymentPostprocessing = 0;
			shellPath = /bin/sh;
			shellScript = "# Type a script or drag a script file from your workspace to insert its path.\n/usr/local/bin/carthage copy-frameworks\n";
		};
/* End PBXShellScriptBuildPhase section */

/* Begin PBXSourcesBuildPhase section */
		55EEE0BC217AE4F800083B29 /* Sources */ = {
			isa = PBXSourcesBuildPhase;
			buildActionMask = 2147483647;
			files = (
				55EEE0C4217AE4F800083B29 /* AppDelegate.swift in Sources */,
				55EEE0EC217B36A300083B29 /* HomeViewController.swift in Sources */,
			);
			runOnlyForDeploymentPostprocessing = 0;
		};
/* End PBXSourcesBuildPhase section */

/* Begin PBXVariantGroup section */
		55EEE0C7217AE4F800083B29 /* Main.storyboard */ = {
			isa = PBXVariantGroup;
			children = (
				55EEE0C8217AE4F800083B29 /* Base */,
			);
			name = Main.storyboard;
			sourceTree = "<group>";
		};
		55EEE0CC217AE4FB00083B29 /* LaunchScreen.storyboard */ = {
			isa = PBXVariantGroup;
			children = (
				55EEE0CD217AE4FB00083B29 /* Base */,
			);
			name = LaunchScreen.storyboard;
			sourceTree = "<group>";
		};
/* End PBXVariantGroup section */

/* Begin XCBuildConfiguration section */
		55EEE0D0217AE4FB00083B29 /* Debug */ = {
			isa = XCBuildConfiguration;
			buildSettings = {
				ALWAYS_SEARCH_USER_PATHS = NO;
				CLANG_ANALYZER_NONNULL = YES;
				CLANG_ANALYZER_NUMBER_OBJECT_CONVERSION = YES_AGGRESSIVE;
				CLANG_CXX_LANGUAGE_STANDARD = "gnu++14";
				CLANG_CXX_LIBRARY = "libc++";
				CLANG_ENABLE_MODULES = YES;
				CLANG_ENABLE_OBJC_ARC = YES;
				CLANG_ENABLE_OBJC_WEAK = YES;
				CLANG_WARN_BLOCK_CAPTURE_AUTORELEASING = YES;
				CLANG_WARN_BOOL_CONVERSION = YES;
				CLANG_WARN_COMMA = YES;
				CLANG_WARN_CONSTANT_CONVERSION = YES;
				CLANG_WARN_DEPRECATED_OBJC_IMPLEMENTATIONS = YES;
				CLANG_WARN_DIRECT_OBJC_ISA_USAGE = YES_ERROR;
				CLANG_WARN_DOCUMENTATION_COMMENTS = YES;
				CLANG_WARN_EMPTY_BODY = YES;
				CLANG_WARN_ENUM_CONVERSION = YES;
				CLANG_WARN_INFINITE_RECURSION = YES;
				CLANG_WARN_INT_CONVERSION = YES;
				CLANG_WARN_NON_LITERAL_NULL_CONVERSION = YES;
				CLANG_WARN_OBJC_IMPLICIT_RETAIN_SELF = YES;
				CLANG_WARN_OBJC_LITERAL_CONVERSION = YES;
				CLANG_WARN_OBJC_ROOT_CLASS = YES_ERROR;
				CLANG_WARN_RANGE_LOOP_ANALYSIS = YES;
				CLANG_WARN_STRICT_PROTOTYPES = YES;
				CLANG_WARN_SUSPICIOUS_MOVE = YES;
				CLANG_WARN_UNGUARDED_AVAILABILITY = YES_AGGRESSIVE;
				CLANG_WARN_UNREACHABLE_CODE = YES;
				CLANG_WARN__DUPLICATE_METHOD_MATCH = YES;
				CODE_SIGN_IDENTITY = "iPhone Developer";
				COPY_PHASE_STRIP = NO;
				DEBUG_INFORMATION_FORMAT = dwarf;
				ENABLE_STRICT_OBJC_MSGSEND = YES;
				ENABLE_TESTABILITY = YES;
				GCC_C_LANGUAGE_STANDARD = gnu11;
				GCC_DYNAMIC_NO_PIC = NO;
				GCC_NO_COMMON_BLOCKS = YES;
				GCC_OPTIMIZATION_LEVEL = 0;
				GCC_PREPROCESSOR_DEFINITIONS = (
					"DEBUG=1",
					"$(inherited)",
				);
				GCC_WARN_64_TO_32_BIT_CONVERSION = YES;
				GCC_WARN_ABOUT_RETURN_TYPE = YES_ERROR;
				GCC_WARN_UNDECLARED_SELECTOR = YES;
				GCC_WARN_UNINITIALIZED_AUTOS = YES_AGGRESSIVE;
				GCC_WARN_UNUSED_FUNCTION = YES;
				GCC_WARN_UNUSED_VARIABLE = YES;
				IPHONEOS_DEPLOYMENT_TARGET = 12.0;
				MTL_ENABLE_DEBUG_INFO = INCLUDE_SOURCE;
				MTL_FAST_MATH = YES;
				ONLY_ACTIVE_ARCH = YES;
				SDKROOT = iphoneos;
				SWIFT_ACTIVE_COMPILATION_CONDITIONS = DEBUG;
				SWIFT_OPTIMIZATION_LEVEL = "-Onone";
			};
			name = Debug;
		};
		55EEE0D1217AE4FB00083B29 /* Release */ = {
			isa = XCBuildConfiguration;
			buildSettings = {
				ALWAYS_SEARCH_USER_PATHS = NO;
				CLANG_ANALYZER_NONNULL = YES;
				CLANG_ANALYZER_NUMBER_OBJECT_CONVERSION = YES_AGGRESSIVE;
				CLANG_CXX_LANGUAGE_STANDARD = "gnu++14";
				CLANG_CXX_LIBRARY = "libc++";
				CLANG_ENABLE_MODULES = YES;
				CLANG_ENABLE_OBJC_ARC = YES;
				CLANG_ENABLE_OBJC_WEAK = YES;
				CLANG_WARN_BLOCK_CAPTURE_AUTORELEASING = YES;
				CLANG_WARN_BOOL_CONVERSION = YES;
				CLANG_WARN_COMMA = YES;
				CLANG_WARN_CONSTANT_CONVERSION = YES;
				CLANG_WARN_DEPRECATED_OBJC_IMPLEMENTATIONS = YES;
				CLANG_WARN_DIRECT_OBJC_ISA_USAGE = YES_ERROR;
				CLANG_WARN_DOCUMENTATION_COMMENTS = YES;
				CLANG_WARN_EMPTY_BODY = YES;
				CLANG_WARN_ENUM_CONVERSION = YES;
				CLANG_WARN_INFINITE_RECURSION = YES;
				CLANG_WARN_INT_CONVERSION = YES;
				CLANG_WARN_NON_LITERAL_NULL_CONVERSION = YES;
				CLANG_WARN_OBJC_IMPLICIT_RETAIN_SELF = YES;
				CLANG_WARN_OBJC_LITERAL_CONVERSION = YES;
				CLANG_WARN_OBJC_ROOT_CLASS = YES_ERROR;
				CLANG_WARN_RANGE_LOOP_ANALYSIS = YES;
				CLANG_WARN_STRICT_PROTOTYPES = YES;
				CLANG_WARN_SUSPICIOUS_MOVE = YES;
				CLANG_WARN_UNGUARDED_AVAILABILITY = YES_AGGRESSIVE;
				CLANG_WARN_UNREACHABLE_CODE = YES;
				CLANG_WARN__DUPLICATE_METHOD_MATCH = YES;
				CODE_SIGN_IDENTITY = "iPhone Developer";
				COPY_PHASE_STRIP = NO;
				DEBUG_INFORMATION_FORMAT = "dwarf-with-dsym";
				ENABLE_NS_ASSERTIONS = NO;
				ENABLE_STRICT_OBJC_MSGSEND = YES;
				GCC_C_LANGUAGE_STANDARD = gnu11;
				GCC_NO_COMMON_BLOCKS = YES;
				GCC_WARN_64_TO_32_BIT_CONVERSION = YES;
				GCC_WARN_ABOUT_RETURN_TYPE = YES_ERROR;
				GCC_WARN_UNDECLARED_SELECTOR = YES;
				GCC_WARN_UNINITIALIZED_AUTOS = YES_AGGRESSIVE;
				GCC_WARN_UNUSED_FUNCTION = YES;
				GCC_WARN_UNUSED_VARIABLE = YES;
				IPHONEOS_DEPLOYMENT_TARGET = 12.0;
				MTL_ENABLE_DEBUG_INFO = NO;
				MTL_FAST_MATH = YES;
				SDKROOT = iphoneos;
				SWIFT_COMPILATION_MODE = wholemodule;
				SWIFT_OPTIMIZATION_LEVEL = "-O";
				VALIDATE_PRODUCT = YES;
			};
			name = Release;
		};
		55EEE0D3217AE4FB00083B29 /* Debug */ = {
			isa = XCBuildConfiguration;
			buildSettings = {
				ASSETCATALOG_COMPILER_APPICON_NAME = AppIcon;
				CODE_SIGN_STYLE = Automatic;
				DEVELOPMENT_TEAM = V5597WVJA9;
				FRAMEWORK_SEARCH_PATHS = (
					"$(inherited)",
					"$(PROJECT_DIR)/Carthage/Build/iOS",
				);
				INFOPLIST_FILE = "ReactieOnlineSearching-Sampler/Info.plist";
				LD_RUNPATH_SEARCH_PATHS = (
					"$(inherited)",
					"@executable_path/Frameworks",
				);
				PRODUCT_BUNDLE_IDENTIFIER = "com.test.icloud.a-la-mode1108.ReactieOnlineSearching-Sampler";
				PRODUCT_NAME = "$(TARGET_NAME)";
				SWIFT_VERSION = 4.2;
				TARGETED_DEVICE_FAMILY = "1,2";
			};
			name = Debug;
		};
		55EEE0D4217AE4FB00083B29 /* Release */ = {
			isa = XCBuildConfiguration;
			buildSettings = {
				ASSETCATALOG_COMPILER_APPICON_NAME = AppIcon;
				CODE_SIGN_STYLE = Automatic;
				DEVELOPMENT_TEAM = V5597WVJA9;
				FRAMEWORK_SEARCH_PATHS = (
					"$(inherited)",
					"$(PROJECT_DIR)/Carthage/Build/iOS",
				);
				INFOPLIST_FILE = "ReactieOnlineSearching-Sampler/Info.plist";
				LD_RUNPATH_SEARCH_PATHS = (
					"$(inherited)",
					"@executable_path/Frameworks",
				);
				PRODUCT_BUNDLE_IDENTIFIER = "com.test.icloud.a-la-mode1108.ReactieOnlineSearching-Sampler";
				PRODUCT_NAME = "$(TARGET_NAME)";
				SWIFT_VERSION = 4.2;
				TARGETED_DEVICE_FAMILY = "1,2";
			};
			name = Release;
		};
/* End XCBuildConfiguration section */

/* Begin XCConfigurationList section */
		55EEE0BB217AE4F800083B29 /* Build configuration list for PBXProject "ReactieOnlineSearching-Sampler" */ = {
			isa = XCConfigurationList;
			buildConfigurations = (
				55EEE0D0217AE4FB00083B29 /* Debug */,
				55EEE0D1217AE4FB00083B29 /* Release */,
			);
			defaultConfigurationIsVisible = 0;
			defaultConfigurationName = Release;
		};
		55EEE0D2217AE4FB00083B29 /* Build configuration list for PBXNativeTarget "ReactieOnlineSearching-Sampler" */ = {
			isa = XCConfigurationList;
			buildConfigurations = (
				55EEE0D3217AE4FB00083B29 /* Debug */,
				55EEE0D4217AE4FB00083B29 /* Release */,
			);
			defaultConfigurationIsVisible = 0;
			defaultConfigurationName = Release;
		};
/* End XCConfigurationList section */
	};
	rootObject = 55EEE0B8217AE4F800083B29 /* Project object */;
}
